
Microsoft Visual Studio Solution File, Format Version 12.00
# Visual Studio Version 17
VisualStudioVersion = 17.13.35825.156 d17.13
MinimumVisualStudioVersion = 10.0.40219.1
Project("{FAE04EC0-301F-11D3-BF4B-00C04F79EFBC}") = "WebApplication11", "WebApplication11\WebApplication11.csproj", "{0D3EB5A2-F8E0-4413-B2C4-FB49F1A9C395}"
EndProject
Global
	GlobalSection(SolutionConfigurationPlatforms) = preSolution
		Debug|Any CPU = Debug|Any CPU
		Release|Any CPU = Release|Any CPU
	EndGlobalSection
	GlobalSection(ProjectConfigurationPlatforms) = postSolution
		{0D3EB5A2-F8E0-4413-B2C4-FB49F1A9C395}.Debug|Any CPU.ActiveCfg = Debug|Any CPU
		{0D3EB5A2-F8E0-4413-B2C4-FB49F1A9C395}.Debug|Any CPU.Build.0 = Debug|Any CPU
		{0D3EB5A2-F8E0-4413-B2C4-FB49F1A9C395}.Release|Any CPU.ActiveCfg = Release|Any CPU
		{0D3EB5A2-F8E0-4413-B2C4-FB49F1A9C395}.Release|Any CPU.Build.0 = Release|Any CPU
	EndGlobalSection
	GlobalSection(SolutionProperties) = preSolution
		HideSolutionNode = FALSE
	EndGlobalSection
	GlobalSection(ExtensibilityGlobals) = postSolution
		SolutionGuid = {74989132-8CAA-420A-97F2-E1CDD3530376}
	EndGlobalSection
EndGlobal
